
Microsoft Visual Studio Solution File, Format Version 12.00
# Visual Studio Version 17
VisualStudioVersion = 17.0.32014.148
MinimumVisualStudioVersion = 10.0.40219.1
Project("{FAE04EC0-301F-11D3-BF4B-00C04F79EFBC}") = "Services", "Services\Services.csproj", "{359D9597-CD13-43DB-A653-691CCAED6817}"
EndProject
Global
	GlobalSection(SolutionConfigurationPlatforms) = preSolution
		Debug|Any CPU = Debug|Any CPU
		Release|Any CPU = Release|Any CPU
	EndGlobalSection
	GlobalSection(ProjectConfigurationPlatforms) = postSolution
		{359D9597-CD13-43DB-A653-691CCAED6817}.Debug|Any CPU.ActiveCfg = Debug|Any CPU
		{359D9597-CD13-43DB-A653-691CCAED6817}.Debug|Any CPU.Build.0 = Debug|Any CPU
		{359D9597-CD13-43DB-A653-691CCAED6817}.Release|Any CPU.ActiveCfg = Release|Any CPU
		{359D9597-CD13-43DB-A653-691CCAED6817}.Release|Any CPU.Build.0 = Release|Any CPU
	EndGlobalSection
	GlobalSection(SolutionProperties) = preSolution
		HideSolutionNode = FALSE
	EndGlobalSection
	GlobalSection(ExtensibilityGlobals) = postSolution
		SolutionGuid = {2DF38AE0-619D-4A52-A084-0261447495D2}
	EndGlobalSection
EndGlobal
